dependencies:
  espressif/esp32-camera:
    dependencies: []
    source:
      path: 
        C:\Users\Phucc\Downloads\eee-Hailt\eee-Hailt\managed_components\espressif__esp32-camera
      type: local
    version: 2.1.4
  espressif/esp_jpeg:
    component_hash: 
      defb83669293cbf86d0fa86b475ba5517aceed04ed70db435388c151ab37b5d7
    dependencies:
    - name: idf
      require: private
      version: '>=5.0'
    source:
      registry_url: https://components.espressif.com/
      type: service
    version: 1.3.1
  idf:
    source:
      type: idf
    version: 5.5.0
direct_dependencies:
- espressif/esp32-camera
- espressif/esp_jpeg
- idf
manifest_hash: 000c99048e363725ee2744c94d17c97ae2c35fd6ebd1004b30a2d2c0124a07bc
target: esp32s3
version: 2.0.0
